
Microsoft Visual Studio Solution File, Format Version 12.00
# Visual Studio 15
VisualStudioVersion = 15.0.27130.2026
MinimumVisualStudioVersion = 10.0.40219.1
Project("{2150E333-8FDC-42A3-9474-1A3956D46DE8}") = "src", "src", "{6ABCD58D-1DC6-46A2-A50D-DADED46859D4}"
EndProject
Project("{9A19103F-16F7-4668-BE54-9A1E7A4F7556}") = "PushAll", "src\PushAll\PushAll.csproj", "{3103AC9E-1A78-4A66-BB45-9C5E6858A591}"
EndProject
Global
	GlobalSection(SolutionConfigurationPlatforms) = preSolution
		Debug|Any CPU = Debug|Any CPU
		Release|Any CPU = Release|Any CPU
	EndGlobalSection
	GlobalSection(ProjectConfigurationPlatforms) = postSolution
		{3103AC9E-1A78-4A66-BB45-9C5E6858A591}.Debug|Any CPU.ActiveCfg = Debug|Any CPU
		{3103AC9E-1A78-4A66-BB45-9C5E6858A591}.Debug|Any CPU.Build.0 = Debug|Any CPU
		{3103AC9E-1A78-4A66-BB45-9C5E6858A591}.Release|Any CPU.ActiveCfg = Release|Any CPU
		{3103AC9E-1A78-4A66-BB45-9C5E6858A591}.Release|Any CPU.Build.0 = Release|Any CPU
	EndGlobalSection
	GlobalSection(SolutionProperties) = preSolution
		HideSolutionNode = FALSE
	EndGlobalSection
	GlobalSection(NestedProjects) = preSolution
		{3103AC9E-1A78-4A66-BB45-9C5E6858A591} = {6ABCD58D-1DC6-46A2-A50D-DADED46859D4}
	EndGlobalSection
	GlobalSection(ExtensibilityGlobals) = postSolution
		SolutionGuid = {0A60E33B-4A1C-4398-82EC-E46B8E54C75A}
	EndGlobalSection
EndGlobal
